
Microsoft Visual Studio Solution File, Format Version 12.00
# Visual Studio Version 16
VisualStudioVersion = 16.0.31729.503
MinimumVisualStudioVersion = 10.0.40219.1
Project("{FAE04EC0-301F-11D3-BF4B-00C04F79EFBC}") = "BookLibrary", "BookLibrary\BookLibrary.csproj", "{BA64143E-6F87-413B-BA17-1CA7C68DAD10}"
EndProject
Global
	GlobalSection(SolutionConfigurationPlatforms) = preSolution
		Debug|Any CPU = Debug|Any CPU
		Release|Any CPU = Release|Any CPU
	EndGlobalSection
	GlobalSection(ProjectConfigurationPlatforms) = postSolution
		{BA64143E-6F87-413B-BA17-1CA7C68DAD10}.Debug|Any CPU.ActiveCfg = Debug|Any CPU
		{BA64143E-6F87-413B-BA17-1CA7C68DAD10}.Debug|Any CPU.Build.0 = Debug|Any CPU
		{BA64143E-6F87-413B-BA17-1CA7C68DAD10}.Release|Any CPU.ActiveCfg = Release|Any CPU
		{BA64143E-6F87-413B-BA17-1CA7C68DAD10}.Release|Any CPU.Build.0 = Release|Any CPU
	EndGlobalSection
	GlobalSection(SolutionProperties) = preSolution
		HideSolutionNode = FALSE
	EndGlobalSection
	GlobalSection(ExtensibilityGlobals) = postSolution
		SolutionGuid = {2CF15740-BBD4-415E-98DA-31034089D203}
	EndGlobalSection
EndGlobal
